<?xml version="1.0" encoding="utf-8"?>
<Project ToolsVersion="4.0" xmlns="http://schemas.microsoft.com/developer/msbuild/2003">
  <ItemGroup>
    <Filter Include="Source Files">
      <UniqueIdentifier>{672f1e32-15a4-453a-a171-2d8beff22b53}</UniqueIdentifier>
    </Filter>
    <Filter Include="Link Libraries">
      <UniqueIdentifier>{fe349e52-f99b-4fa9-9016-4f9bc5a3c8d8}</UniqueIdentifier>
    </Filter>
    <Filter Include="Header Files">
      <UniqueIdentifier>{57f01b45-9cf2-41df-95f0-f5004a537cfb}</UniqueIdentifier>
    </Filter>
    <Filter Include="Shader Source">
      <UniqueIdentifier>{eea35d33-05c1-47a9-9eb4-e834c9a17632}</UniqueIdentifier>
    </Filter>
    <Filter Include="Shader Source\fxc">
      <UniqueIdentifier>{c75bd31a-c174-40f3-8086-fe176801c0fd}</UniqueIdentifier>
    </Filter>
    <Filter Include="Source Files\util">
      <UniqueIdentifier>{c6319d80-5c36-4fb6-a39a-f7686a79c7c0}</UniqueIdentifier>
    </Filter>
    <Filter Include="Source Files\interface">
      <UniqueIdentifier>{e06dfdd9-bdb6-4eb8-bd45-d7a1886500cb}</UniqueIdentifier>
    </Filter>
    <Filter Include="Source Files\lighting">
      <UniqueIdentifier>{f25da78d-a683-49f8-b727-1a091bc7a421}</UniqueIdentifier>
    </Filter>
    <Filter Include="Shader Source\inc">
      <UniqueIdentifier>{a37641b0-037b-40cd-961a-298331aeb386}</UniqueIdentifier>
    </Filter>
    <Filter Include="Shader Source\fxc\debug">
      <UniqueIdentifier>{4d88ea6f-5262-468a-92ca-1e9fd372b6e7}</UniqueIdentifier>
    </Filter>
    <Filter Include="Source Files\debug">
      <UniqueIdentifier>{94d3e791-3b79-460e-85bb-456343ebb898}</UniqueIdentifier>
    </Filter>
    <Filter Include="Source Files\scene">
      <UniqueIdentifier>{e9a0d9bb-68bb-4371-9195-1d97ef0b97dc}</UniqueIdentifier>
    </Filter>
  </ItemGroup>
  <ItemGroup>
    <ClCompile Include="BaseVSShader.cpp">
      <Filter>Source Files</Filter>
    </ClCompile>
    <ClCompile Include="deferred_model.cpp">
      <Filter>Source Files</Filter>
    </ClCompile>
    <ClCompile Include="deferred_brush.cpp">
      <Filter>Source Files</Filter>
    </ClCompile>
    <ClCompile Include="IDeferredExt.cpp">
      <Filter>Source Files\interface</Filter>
    </ClCompile>
    <ClCompile Include="debug_shadow.cpp">
      <Filter>Source Files\debug</Filter>
    </ClCompile>
    <ClCompile Include="lighting_global.cpp">
      <Filter>Source Files\lighting</Filter>
    </ClCompile>
    <ClCompile Include="debug_lightingctrl.cpp">
      <Filter>Source Files\debug</Filter>
    </ClCompile>
    <ClCompile Include="lighting_pass_basic.cpp">
      <Filter>Source Files\lighting</Filter>
    </ClCompile>
    <ClCompile Include="lighting_pass_volum.cpp">
      <Filter>Source Files\lighting</Filter>
    </ClCompile>
    <ClCompile Include="defpass_shadow.cpp">
      <Filter>Source Files\scene</Filter>
    </ClCompile>
    <ClCompile Include="defpass_gbuffer.cpp">
      <Filter>Source Files\scene</Filter>
    </ClCompile>
    <ClCompile Include="defpass_composite.cpp">
      <Filter>Source Files\scene</Filter>
    </ClCompile>
    <ClCompile Include="lighting_volume.cpp">
      <Filter>Source Files\lighting</Filter>
    </ClCompile>
    <ClCompile Include="lighting_world.cpp">
      <Filter>Source Files\lighting</Filter>
    </ClCompile>
    <ClCompile Include="volume_prepass.cpp">
      <Filter>Source Files\lighting</Filter>
    </ClCompile>
    <ClCompile Include="blur.cpp">
      <Filter>Source Files</Filter>
    </ClCompile>
    <ClCompile Include="volume_blend.cpp">
      <Filter>Source Files\lighting</Filter>
    </ClCompile>
    <ClCompile Include="deferred_utility.cpp">
      <Filter>Source Files\util</Filter>
    </ClCompile>
    <ClCompile Include="radiosity_global.cpp">
      <Filter>Source Files\lighting</Filter>
    </ClCompile>
    <ClCompile Include="debug_radiosity_grid.cpp">
      <Filter>Source Files\debug</Filter>
    </ClCompile>
    <ClCompile Include="radiosity_propagate.cpp">
      <Filter>Source Files\lighting</Filter>
    </ClCompile>
    <ClCompile Include="radiosity_blend.cpp">
      <Filter>Source Files\lighting</Filter>
    </ClCompile>
    <ClCompile Include="screenspace_shading.cpp">
      <Filter>Source Files\lighting</Filter>
    </ClCompile>
    <ClCompile Include="deferred_decalModulate.cpp">
      <Filter>Source Files</Filter>
    </ClCompile>
    <ClCompile Include="screenspace_combine.cpp">
      <Filter>Source Files\lighting</Filter>
    </ClCompile>
  </ItemGroup>
  <ItemGroup>
    <ClInclude Include="BaseVSShader.h">
      <Filter>Header Files</Filter>
    </ClInclude>
    <ClInclude Include="deferred_context.h">
      <Filter>Source Files\util</Filter>
    </ClInclude>
    <ClInclude Include="deferred_includes.h">
      <Filter>Source Files\util</Filter>
    </ClInclude>
    <ClInclude Include="deferred_utility.h">
      <Filter>Source Files\util</Filter>
    </ClInclude>
    <ClInclude Include="IDeferredExt.h">
      <Filter>Source Files\interface</Filter>
    </ClInclude>
    <ClInclude Include="lighting_helper.h">
      <Filter>Source Files\lighting</Filter>
    </ClInclude>
    <ClInclude Include="deferred_global_common.h">
      <Filter>Source Files</Filter>
    </ClInclude>
    <ClInclude Include="cpp_shader_constant_register_map.h">
      <Filter>Shader Source\inc</Filter>
    </ClInclude>
    <ClInclude Include="common_fxc.h">
      <Filter>Shader Source\inc</Filter>
    </ClInclude>
    <ClInclude Include="common_hlsl_cpp_consts.h">
      <Filter>Shader Source\inc</Filter>
    </ClInclude>
    <ClInclude Include="common_pragmas.h">
      <Filter>Shader Source\inc</Filter>
    </ClInclude>
    <ClInclude Include="common_ps_fxc.h">
      <Filter>Shader Source\inc</Filter>
    </ClInclude>
    <ClInclude Include="common_vertexlitgeneric_dx9.h">
      <Filter>Shader Source\inc</Filter>
    </ClInclude>
    <ClInclude Include="common_vs_fxc.h">
      <Filter>Shader Source\inc</Filter>
    </ClInclude>
    <ClInclude Include="commandbuilder.h">
      <Filter>Header Files</Filter>
    </ClInclude>
    <ClInclude Include="common_deferred_fxc.h">
      <Filter>Shader Source\inc</Filter>
    </ClInclude>
    <ClInclude Include="lighting_pass_basic.h">
      <Filter>Source Files\lighting</Filter>
    </ClInclude>
    <ClInclude Include="common_lighting_fxc.h">
      <Filter>Shader Source\inc</Filter>
    </ClInclude>
    <ClInclude Include="common_shadowmapping_fxc.h">
      <Filter>Shader Source\inc</Filter>
    </ClInclude>
    <ClInclude Include="lighting_pass_volum.h">
      <Filter>Source Files\lighting</Filter>
    </ClInclude>
    <ClInclude Include="defpass_shadow.h">
      <Filter>Source Files\scene</Filter>
    </ClInclude>
    <ClInclude Include="defpass_gbuffer.h">
      <Filter>Source Files\scene</Filter>
    </ClInclude>
    <ClInclude Include="defpass_composite.h">
      <Filter>Source Files\scene</Filter>
    </ClInclude>
  </ItemGroup>
  <ItemGroup>
    <Library Include="..\..\dx9sdk\lib\d3dx9.lib">
      <Filter>Link Libraries</Filter>
    </Library>
    <Library Include="..\..\lib\public\mathlib.lib">
      <Filter>Link Libraries</Filter>
    </Library>
    <Library Include="..\..\lib\public\tier0.lib">
      <Filter>Link Libraries</Filter>
    </Library>
    <Library Include="..\..\lib\public\tier1.lib">
      <Filter>Link Libraries</Filter>
    </Library>
    <Library Include="..\..\lib\public\vstdlib.lib">
      <Filter>Link Libraries</Filter>
    </Library>
    <Library Include="..\..\lib\public\interfaces.lib">
      <Filter>Link Libraries</Filter>
    </Library>
    <Library Include="..\..\lib\public\matsys_controls.lib">
      <Filter>Link Libraries</Filter>
    </Library>
    <Library Include="..\..\lib\public\tier2.lib">
      <Filter>Link Libraries</Filter>
    </Library>
    <Library Include="..\..\lib\public\tier3.lib">
      <Filter>Link Libraries</Filter>
    </Library>
    <Library Include="..\..\lib\public\shaderlib.lib">
      <Filter>Link Libraries</Filter>
    </Library>
  </ItemGroup>
  <ItemGroup>
    <None Include="buildshaders.bat" />
    <None Include="..\..\devtools\bin\fxc_prep.pl" />
    <None Include="..\..\devtools\bin\psh_prep.pl" />
    <None Include="..\..\devtools\bin\updateshaders.pl" />
    <None Include="..\..\devtools\bin\valve_perl_helpers.pl" />
    <None Include="..\..\devtools\bin\vsh_prep.pl" />
    <None Include="deferred_shaders.txt">
      <Filter>Shader Source</Filter>
    </None>
    <None Include="gbuffer_ps30.fxc">
      <Filter>Shader Source\fxc</Filter>
    </None>
    <None Include="gbuffer_vs30.fxc">
      <Filter>Shader Source\fxc</Filter>
    </None>
    <None Include="bdef.bat" />
    <None Include="shadowpass_vs30.fxc">
      <Filter>Shader Source\fxc</Filter>
    </None>
    <None Include="shadowpass_ps30.fxc">
      <Filter>Shader Source\fxc</Filter>
    </None>
    <None Include="debug_shadow_ortho_ps30.fxc">
      <Filter>Shader Source\fxc\debug</Filter>
    </None>
    <None Include="defconstruct_vs30.fxc">
      <Filter>Shader Source\fxc</Filter>
    </None>
    <None Include="lightingpass_global_ps30.fxc">
      <Filter>Shader Source\fxc</Filter>
    </None>
    <None Include="debug_lighting_ctrl_ps30.fxc">
      <Filter>Shader Source\fxc\debug</Filter>
    </None>
    <None Include="composite_ps30.fxc">
      <Filter>Shader Source\fxc</Filter>
    </None>
    <None Include="composite_vs30.fxc">
      <Filter>Shader Source\fxc</Filter>
    </None>
    <None Include="lightingpass_point_ps30.fxc">
      <Filter>Shader Source\fxc</Filter>
    </None>
    <None Include="lightingpass_spot_ps30.fxc">
      <Filter>Shader Source\fxc</Filter>
    </None>
    <None Include="volumpass_point_ps30.fxc">
      <Filter>Shader Source\fxc</Filter>
    </None>
    <None Include="volumpass_spot_ps30.fxc">
      <Filter>Shader Source\fxc</Filter>
    </None>
    <None Include="volume_prepass_vs30.fxc">
      <Filter>Shader Source\fxc</Filter>
    </None>
    <None Include="volume_prepass_ps30.fxc">
      <Filter>Shader Source\fxc</Filter>
    </None>
    <None Include="screenspace_vs30.fxc">
      <Filter>Shader Source\fxc</Filter>
    </None>
    <None Include="gaussianblur_6_ps30.fxc">
      <Filter>Shader Source\fxc</Filter>
    </None>
    <None Include="volume_blend_ps30.fxc">
      <Filter>Shader Source\fxc</Filter>
    </None>
    <None Include="radiosity_gen_global_ps30.fxc">
      <Filter>Shader Source\fxc</Filter>
    </None>
    <None Include="radiosity_gen_vs30.fxc">
      <Filter>Shader Source\fxc</Filter>
    </None>
    <None Include="debug_radiosity_grid_ps30.fxc">
      <Filter>Shader Source\fxc\debug</Filter>
    </None>
    <None Include="debug_radiosity_grid_vs30.fxc">
      <Filter>Shader Source\fxc\debug</Filter>
    </None>
    <None Include="radiosity_propagate_ps30.fxc">
      <Filter>Shader Source\fxc</Filter>
    </None>
    <None Include="radiosity_propagate_vs30.fxc">
      <Filter>Shader Source\fxc</Filter>
    </None>
    <None Include="radiosity_blend_ps30.fxc">
      <Filter>Shader Source\fxc</Filter>
    </None>
    <None Include="screenspace_shading_ps30.fxc">
      <Filter>Shader Source\fxc</Filter>
    </None>
    <None Include="screenspace_combine_ps30.fxc">
      <Filter>Shader Source\fxc</Filter>
    </None>
    <None Include="gbuffer_defshading_ps30.fxc">
      <Filter>Shader Source\fxc</Filter>
    </None>
    <None Include="gbuffer_defshading2_ps30.fxc">
      <Filter>Shader Source\fxc</Filter>
    </None>
    <None Include="gbuffer_defshading2_vs30.fxc">
      <Filter>Shader Source\fxc</Filter>
    </None>
    <None Include="lightingpass_area_ps30.fxc">
      <Filter>Shader Source\fxc</Filter>
    </None>
  </ItemGroup>
</Project>