<?xml version="1.0" encoding="utf-8"?>
<Project ToolsVersion="4.0" xmlns="http://schemas.microsoft.com/developer/msbuild/2003">
  <ItemGroup>
    <Filter Include="Header Files">
      <UniqueIdentifier>{1680C80B-FF1E-EA4D-9817-CC12254F2E40}</UniqueIdentifier>
    </Filter>
    <Filter Include="Shader Source">
      <UniqueIdentifier>{C6C1C1A8-80A2-218E-0AF8-94D8DDB5FAD8}</UniqueIdentifier>
    </Filter>
    <Filter Include="Shader Source\fxc">
      <UniqueIdentifier>{4D918305-7063-E4C2-0906-D415E5F14EA3}</UniqueIdentifier>
    </Filter>
    <Filter Include="Source Files">
      <UniqueIdentifier>{BA03E055-4FA2-FCE3-8A1C-D348547D379C}</UniqueIdentifier>
    </Filter>
    <Filter Include="Source Files\Post-processing">
      <UniqueIdentifier>{D24BBFB9-58C5-3E98-B126-DDCE38620B1F}</UniqueIdentifier>
    </Filter>
  </ItemGroup>
  <ItemGroup>
    <ClInclude Include="BaseVSShader.h">
      <Filter>Header Files</Filter>
    </ClInclude>
    <ClInclude Include="common_fxc.h">
      <Filter>Header Files</Filter>
    </ClInclude>
    <ClInclude Include="common_hlsl_cpp_consts.h">
      <Filter>Header Files</Filter>
    </ClInclude>
    <ClInclude Include="common_ps_fxc.h">
      <Filter>Header Files</Filter>
    </ClInclude>
    <ClInclude Include="common_vertexlitgeneric_dx9.h">
      <Filter>Header Files</Filter>
    </ClInclude>
    <ClInclude Include="common_vs_fxc.h">
      <Filter>Header Files</Filter>
    </ClInclude>
    <ClInclude Include="example_model_dx9_helper.h">
      <Filter>Header Files</Filter>
    </ClInclude>
    <ClInclude Include="shader_constant_register_map.h">
      <Filter>Header Files</Filter>
    </ClInclude>
    <ClInclude Include="lightmappedgeneric_dx9_helper.h">
      <Filter>Source Files</Filter>
    </ClInclude>
    <ClInclude Include="LightmappedPBR_dx9_helper.h">
      <Filter>Source Files</Filter>
    </ClInclude>
    <ClInclude Include="lightpass_helper.h">
      <Filter>Source Files</Filter>
    </ClInclude>
    <ClInclude Include="vertexlitgeneric_dx9_helper.h">
      <Filter>Source Files</Filter>
    </ClInclude>
    <ClInclude Include="VertexlitPBR_dx9_helper.h">
      <Filter>Source Files</Filter>
    </ClInclude>
    <ClInclude Include="vance\skydome_atmosphere_helper.h">
      <Filter>Source Files\Post-processing</Filter>
    </ClInclude>
  </ItemGroup>
  <ItemGroup>
    <ClCompile Include="BaseVSShader.cpp">
      <Filter>Source Files</Filter>
    </ClCompile>
    <ClCompile Include="deferred\IDeferredExt.cpp">
      <Filter>Source Files</Filter>
    </ClCompile>
    <ClCompile Include="vance\light_mesh.cpp">
      <Filter>Source Files</Filter>
    </ClCompile>
    <ClCompile Include="light_volumetrics.cpp">
      <Filter>Source Files</Filter>
    </ClCompile>
    <ClCompile Include="lightmappedgeneric_dx9.cpp">
      <Filter>Source Files</Filter>
    </ClCompile>
    <ClCompile Include="lightmappedgeneric_dx9_helper.cpp">
      <Filter>Source Files</Filter>
    </ClCompile>
    <ClCompile Include="LightmappedPBR_dx9.cpp">
      <Filter>Source Files</Filter>
    </ClCompile>
    <ClCompile Include="LightmappedPBR_dx9_helper.cpp">
      <Filter>Source Files</Filter>
    </ClCompile>
    <ClCompile Include="lightpass_helper.cpp">
      <Filter>Source Files</Filter>
    </ClCompile>
    <ClCompile Include="..\..\public\tier0\memoverride.cpp">
      <Filter>Source Files</Filter>
    </ClCompile>
    <ClCompile Include="screenspace_general.cpp">
      <Filter>Source Files</Filter>
    </ClCompile>
    <ClCompile Include="vance_scope_dx9.cpp">
      <Filter>Source Files</Filter>
    </ClCompile>
    <ClCompile Include="vertexlitgeneric_dx9.cpp">
      <Filter>Source Files</Filter>
    </ClCompile>
    <ClCompile Include="vertexlitgeneric_dx9_helper.cpp">
      <Filter>Source Files</Filter>
    </ClCompile>
    <ClCompile Include="VertexlitPBR_dx9.cpp">
      <Filter>Source Files</Filter>
    </ClCompile>
    <ClCompile Include="VertexlitPBR_dx9_helper.cpp">
      <Filter>Source Files</Filter>
    </ClCompile>
    <ClCompile Include="worldvertextransition.cpp">
      <Filter>Source Files</Filter>
    </ClCompile>
    <ClCompile Include="vance\Bloom_combine.cpp">
      <Filter>Source Files\Post-processing</Filter>
    </ClCompile>
    <ClCompile Include="vance\chromatic.cpp">
      <Filter>Source Files\Post-processing</Filter>
    </ClCompile>
    <ClCompile Include="vance\fxaa.cpp">
      <Filter>Source Files\Post-processing</Filter>
    </ClCompile>
    <ClCompile Include="vance\gaussian_depthaware.cpp">
      <Filter>Source Files\Post-processing</Filter>
    </ClCompile>
    <ClCompile Include="vance\gaussian_depthaware_roughness.cpp">
      <Filter>Source Files\Post-processing</Filter>
    </ClCompile>
    <ClCompile Include="vance\gaussianx.cpp">
      <Filter>Source Files\Post-processing</Filter>
    </ClCompile>
    <ClCompile Include="vance\gaussiany.cpp">
      <Filter>Source Files\Post-processing</Filter>
    </ClCompile>
    <ClCompile Include="vance\luma.cpp">
      <Filter>Source Files\Post-processing</Filter>
    </ClCompile>
    <ClCompile Include="vance\screenwater.cpp">
      <Filter>Source Files\Post-processing</Filter>
    </ClCompile>
    <ClCompile Include="vance\skydome_atmosphere.cpp">
      <Filter>Source Files\Post-processing</Filter>
    </ClCompile>
    <ClCompile Include="vance\skydome_atmosphere_helper.cpp">
      <Filter>Source Files\Post-processing</Filter>
    </ClCompile>
    <ClCompile Include="vance\ssao_combine.cpp">
      <Filter>Source Files\Post-processing</Filter>
    </ClCompile>
    <ClCompile Include="vance\SSGI.cpp">
      <Filter>Source Files\Post-processing</Filter>
    </ClCompile>
    <ClCompile Include="vance\tonemap.cpp">
      <Filter>Source Files\Post-processing</Filter>
    </ClCompile>
    <ClCompile Include="vance\unsharp.cpp">
      <Filter>Source Files\Post-processing</Filter>
    </ClCompile>
    <ClCompile Include="vance\unsharp_blur.cpp">
      <Filter>Source Files\Post-processing</Filter>
    </ClCompile>
  </ItemGroup>
  <ItemGroup>
  </ItemGroup>
  <ItemGroup>
    <CustomBuild Include="_shaderlist_dx9_20b.txt">
      <Filter>Shader Source</Filter>
    </CustomBuild>
    <CustomBuild Include="_shaderlist_dx9_30.txt">
      <Filter>Shader Source</Filter>
    </CustomBuild>
    <CustomBuild Include="chromatic_ps2x.fxc">
      <Filter>Shader Source\fxc</Filter>
    </CustomBuild>
    <CustomBuild Include="chromatic_vs20.fxc">
      <Filter>Shader Source\fxc</Filter>
    </CustomBuild>
    <CustomBuild Include="depthwrite_ps2x.fxc">
      <Filter>Shader Source\fxc</Filter>
    </CustomBuild>
    <CustomBuild Include="depthwrite_vs20.fxc">
      <Filter>Shader Source\fxc</Filter>
    </CustomBuild>
    <CustomBuild Include="flashlight_ps2x.fxc">
      <Filter>Shader Source\fxc</Filter>
    </CustomBuild>
    <CustomBuild Include="fxaa_ps30.fxc">
      <Filter>Shader Source\fxc</Filter>
    </CustomBuild>
    <CustomBuild Include="fxaa_vs30.fxc">
      <Filter>Shader Source\fxc</Filter>
    </CustomBuild>
    <CustomBuild Include="gaussian_depthaware_ps30.fxc">
      <Filter>Shader Source\fxc</Filter>
    </CustomBuild>
    <CustomBuild Include="gaussian_depthaware_roughness_ps30.fxc">
      <Filter>Shader Source\fxc</Filter>
    </CustomBuild>
    <CustomBuild Include="gaussianx_ps2x.fxc">
      <Filter>Shader Source\fxc</Filter>
    </CustomBuild>
    <CustomBuild Include="gaussiany_ps2x.fxc">
      <Filter>Shader Source\fxc</Filter>
    </CustomBuild>
    <CustomBuild Include="light_mesh_ps30.fxc">
      <Filter>Shader Source\fxc</Filter>
    </CustomBuild>
    <CustomBuild Include="light_mesh_vs30.fxc">
      <Filter>Shader Source\fxc</Filter>
    </CustomBuild>
    <CustomBuild Include="light_volumetrics_ps20b.fxc">
      <Filter>Shader Source\fxc</Filter>
    </CustomBuild>
    <CustomBuild Include="light_volumetrics_vs20.fxc">
      <Filter>Shader Source\fxc</Filter>
    </CustomBuild>
    <CustomBuild Include="lightmappedgeneric_flashlight_vs20.fxc">
      <Filter>Shader Source\fxc</Filter>
    </CustomBuild>
    <CustomBuild Include="lightmappedgeneric_ps30.fxc">
      <Filter>Shader Source\fxc</Filter>
    </CustomBuild>
    <CustomBuild Include="lightmappedgeneric_vs30.fxc">
      <Filter>Shader Source\fxc</Filter>
    </CustomBuild>
    <CustomBuild Include="lightmappedPBR_ps30.fxc">
      <Filter>Shader Source\fxc</Filter>
    </CustomBuild>
    <CustomBuild Include="lightmappedPBR_vs30.fxc">
      <Filter>Shader Source\fxc</Filter>
    </CustomBuild>
    <CustomBuild Include="lightpass_ps30.fxc">
      <Filter>Shader Source\fxc</Filter>
    </CustomBuild>
    <CustomBuild Include="lightpass_vs30.fxc">
      <Filter>Shader Source\fxc</Filter>
    </CustomBuild>
    <CustomBuild Include="lpreview1_ps2x.fxc">
      <Filter>Shader Source\fxc</Filter>
    </CustomBuild>
    <CustomBuild Include="luma_ps30.fxc">
      <Filter>Shader Source\fxc</Filter>
    </CustomBuild>
    <CustomBuild Include="normalmapreconstruct_ps30.fxc">
      <Filter>Shader Source\fxc</Filter>
    </CustomBuild>
    <CustomBuild Include="passthru_vs20.fxc">
      <Filter>Shader Source\fxc</Filter>
    </CustomBuild>
    <CustomBuild Include="screenspace_simple_vs30.fxc">
      <Filter>Shader Source\fxc</Filter>
    </CustomBuild>
    <CustomBuild Include="screenwater_ps2x.fxc">
      <Filter>Shader Source\fxc</Filter>
    </CustomBuild>
    <CustomBuild Include="screenwater_vs20.fxc">
      <Filter>Shader Source\fxc</Filter>
    </CustomBuild>
    <CustomBuild Include="SDK_screenspaceeffect_vs20.fxc">
      <Filter>Shader Source\fxc</Filter>
    </CustomBuild>
    <CustomBuild Include="skydome_ps30.fxc">
      <Filter>Shader Source\fxc</Filter>
    </CustomBuild>
    <CustomBuild Include="skydome_vs30.fxc">
      <Filter>Shader Source\fxc</Filter>
    </CustomBuild>
    <CustomBuild Include="ssgi_combine_ps30.fxc">
      <Filter>Shader Source\fxc</Filter>
    </CustomBuild>
    <CustomBuild Include="ssgi_ps30.fxc">
      <Filter>Shader Source\fxc</Filter>
    </CustomBuild>
    <CustomBuild Include="ssr_ps30.fxc">
      <Filter>Shader Source\fxc</Filter>
    </CustomBuild>
    <CustomBuild Include="unsharp_blur_ps2x.fxc">
      <Filter>Shader Source\fxc</Filter>
    </CustomBuild>
    <CustomBuild Include="unsharp_blur_vs20.fxc">
      <Filter>Shader Source\fxc</Filter>
    </CustomBuild>
    <CustomBuild Include="unsharp_ps2x.fxc">
      <Filter>Shader Source\fxc</Filter>
    </CustomBuild>
    <CustomBuild Include="unsharp_vs20.fxc">
      <Filter>Shader Source\fxc</Filter>
    </CustomBuild>
    <CustomBuild Include="vance_bloom_combine_ps30.fxc">
      <Filter>Shader Source\fxc</Filter>
    </CustomBuild>
    <CustomBuild Include="vance_scope_ps30.fxc">
      <Filter>Shader Source\fxc</Filter>
    </CustomBuild>
    <CustomBuild Include="vance_scope_vs30.fxc">
      <Filter>Shader Source\fxc</Filter>
    </CustomBuild>
    <CustomBuild Include="Vance_Tonemap_ps30.fxc">
      <Filter>Shader Source\fxc</Filter>
    </CustomBuild>
    <CustomBuild Include="vertexlit_and_unlit_generic_bump_ps30.fxc">
      <Filter>Shader Source\fxc</Filter>
    </CustomBuild>
    <CustomBuild Include="VertexLit_and_unlit_Generic_bump_vs30.fxc">
      <Filter>Shader Source\fxc</Filter>
    </CustomBuild>
    <CustomBuild Include="vertexlit_and_unlit_generic_ps30.fxc">
      <Filter>Shader Source\fxc</Filter>
    </CustomBuild>
    <CustomBuild Include="vertexLit_and_unlit_Generic_vs30.fxc">
      <Filter>Shader Source\fxc</Filter>
    </CustomBuild>
    <CustomBuild Include="VertexlitPBR_ps30.fxc">
      <Filter>Shader Source\fxc</Filter>
    </CustomBuild>
    <CustomBuild Include="vertexlitPBR_vs30.fxc">
      <Filter>Shader Source\fxc</Filter>
    </CustomBuild>
    <CustomBuild Include="..\..\public\tier0\pointeroverride.asm">
      <Filter>Source Files</Filter>
    </CustomBuild>
  </ItemGroup>
  <ItemGroup>
    <None Include="_buildallshaders.bat">
      <Filter>
      </Filter>
    </None>
    <None Include="_buildshaders.bat">
      <Filter>
      </Filter>
    </None>
  </ItemGroup>
</Project>