<?xml version="1.0" encoding="utf-8"?>
<Project ToolsVersion="4.0" xmlns="http://schemas.microsoft.com/developer/msbuild/2003">
  <ItemGroup>
    <Filter Include="Base Files">
      <UniqueIdentifier>{9552E638-FB57-4E2E-9BB6-FA108297E979}</UniqueIdentifier>
    </Filter>
    <Filter Include="Header Files">
      <UniqueIdentifier>{1680C80B-FF1E-EA4D-9817-CC12254F2E40}</UniqueIdentifier>
    </Filter>
    <Filter Include="Source Files">
      <UniqueIdentifier>{BA03E055-4FA2-FCE3-8A1C-D348547D379C}</UniqueIdentifier>
    </Filter>
    <Filter Include="Source Files\Buttons">
      <UniqueIdentifier>{25CA72DF-FF4A-858D-996A-90208187BE11}</UniqueIdentifier>
    </Filter>
    <Filter Include="Source Files\Main menu">
      <UniqueIdentifier>{D1BD8138-2B63-780B-54C5-694E9E5D4FDB}</UniqueIdentifier>
    </Filter>
    <Filter Include="Source Files\Panels">
      <UniqueIdentifier>{4DC197E2-35B3-2456-2FA6-45AAC726EB0D}</UniqueIdentifier>
    </Filter>
    <Filter Include="Source Files\VGUI 2D">
      <UniqueIdentifier>{916AE0F5-A027-C95D-6F1E-54BDD488B2AA}</UniqueIdentifier>
    </Filter>
  </ItemGroup>
  <ItemGroup>
    <ClInclude Include="..\..\game\gameui2\igameui2.h">
      <Filter>Header Files</Filter>
    </ClInclude>
    <ClInclude Include="..\..\game\gameui2\basepanel.h">
      <Filter>Source Files</Filter>
    </ClInclude>
    <ClInclude Include="..\..\game\gameui2\gameui2_interface.h">
      <Filter>Source Files</Filter>
    </ClInclude>
    <ClInclude Include="..\..\game\gameui2\button_mainmenu.h">
      <Filter>Source Files\Buttons</Filter>
    </ClInclude>
    <ClInclude Include="..\..\game\gameui2\button_panel.h">
      <Filter>Source Files\Buttons</Filter>
    </ClInclude>
    <ClInclude Include="..\..\game\gameui2\mainmenu.h">
      <Filter>Source Files\Main menu</Filter>
    </ClInclude>
    <ClInclude Include="..\..\game\gameui2\panel_options.h">
      <Filter>Source Files\Panels</Filter>
    </ClInclude>
    <ClInclude Include="..\..\game\gameui2\panel_quitgame.h">
      <Filter>Source Files\Panels</Filter>
    </ClInclude>
    <ClInclude Include="..\..\game\gameui2\vgui2d\button2d.h">
      <Filter>Source Files\VGUI 2D</Filter>
    </ClInclude>
    <ClInclude Include="..\..\game\gameui2\vgui2d\frame2d.h">
      <Filter>Source Files\VGUI 2D</Filter>
    </ClInclude>
    <ClInclude Include="..\..\game\gameui2\vgui2d\panel2d.h">
      <Filter>Source Files\VGUI 2D</Filter>
    </ClInclude>
  </ItemGroup>
  <ItemGroup>
    <ClCompile Include="..\..\common\language.cpp">
      <Filter>Base Files</Filter>
    </ClCompile>
    <ClCompile Include="..\..\public\vgui_controls\vgui_controls.cpp">
      <Filter>Base Files</Filter>
    </ClCompile>
    <ClCompile Include="..\..\game\gameui2\basepanel.cpp">
      <Filter>Source Files</Filter>
    </ClCompile>
    <ClCompile Include="..\..\game\gameui2\gameui2_interface.cpp">
      <Filter>Source Files</Filter>
    </ClCompile>
    <ClCompile Include="..\..\public\tier0\memoverride.cpp">
      <Filter>Source Files</Filter>
    </ClCompile>
    <ClCompile Include="..\..\game\gameui2\button_mainmenu.cpp">
      <Filter>Source Files\Buttons</Filter>
    </ClCompile>
    <ClCompile Include="..\..\game\gameui2\button_panel.cpp">
      <Filter>Source Files\Buttons</Filter>
    </ClCompile>
    <ClCompile Include="..\..\game\gameui2\mainmenu.cpp">
      <Filter>Source Files\Main menu</Filter>
    </ClCompile>
    <ClCompile Include="..\..\game\gameui2\panel_options.cpp">
      <Filter>Source Files\Panels</Filter>
    </ClCompile>
    <ClCompile Include="..\..\game\gameui2\panel_quitgame.cpp">
      <Filter>Source Files\Panels</Filter>
    </ClCompile>
    <ClCompile Include="..\..\game\gameui2\vgui2d\button2d.cpp">
      <Filter>Source Files\VGUI 2D</Filter>
    </ClCompile>
    <ClCompile Include="..\..\game\gameui2\vgui2d\frame2d.cpp">
      <Filter>Source Files\VGUI 2D</Filter>
    </ClCompile>
    <ClCompile Include="..\..\game\gameui2\vgui2d\panel2d.cpp">
      <Filter>Source Files\VGUI 2D</Filter>
    </ClCompile>
  </ItemGroup>
  <ItemGroup>
  </ItemGroup>
  <ItemGroup>
    <CustomBuild Include="..\..\public\tier0\pointeroverride.asm">
      <Filter>Source Files</Filter>
    </CustomBuild>
  </ItemGroup>
</Project>